{
    "name": "small-mnist",
    "version": "1.0.0",
    "lockfileVersion": 1,
    "requires": true,
    "dependencies": {
        "run-length": {
            "version": "0.9.1",
            "resolved": "https://registry.npmjs.org/run-length/-/run-length-0.9.1.tgz",
            "integrity": "sha512-12tfrVMmw3aeGilp9OWQspJI5qt14utxFdaKwK8t5CwfPdWTNEfsMFWPtSkwM7R99xmndeKKxqh67rWO8HzMHg=="
        }
    }
}
